
Microsoft Visual Studio Solution File, Format Version 12.00
# Visual Studio Version 16
VisualStudioVersion = 16.0.29806.167
MinimumVisualStudioVersion = 10.0.40219.1
Project("{FAE04EC0-301F-11D3-BF4B-00C04F79EFBC}") = "ModelWCF", "ModelWCF\ModelWCF.csproj", "{1EC5029A-CC2E-4FDC-B411-E72DA44D79DE}"
EndProject
Project("{FAE04EC0-301F-11D3-BF4B-00C04F79EFBC}") = "ObjectWCF", "ObjectWCF\ObjectWCF.csproj", "{64F99556-60FC-40F2-B4CE-89B71008D0D6}"
EndProject
Project("{FAE04EC0-301F-11D3-BF4B-00C04F79EFBC}") = "HostWCF", "HostWCF\HostWCF.csproj", "{DCD1CB17-7492-455A-AD24-E37086DFBC5F}"
EndProject
Project("{FAE04EC0-301F-11D3-BF4B-00C04F79EFBC}") = "ClientWCF", "ClientWCF\ClientWCF.csproj", "{CD7E2C97-D0D3-4954-A9EA-E17A1E76632D}"
EndProject
Project("{FAE04EC0-301F-11D3-BF4B-00C04F79EFBC}") = "MyServiceBehaviors", "MyServiceBehaviors\MyServiceBehaviors.csproj", "{48D813E2-5392-4F46-9B00-B88BE7C9920B}"
EndProject
Project("{FAE04EC0-301F-11D3-BF4B-00C04F79EFBC}") = "WebApp", "WebApp\WebApp.csproj", "{9AB021C1-EC14-4DC6-AC5B-15686B1D7C85}"
EndProject
Global
	GlobalSection(SolutionConfigurationPlatforms) = preSolution
		Debug|Any CPU = Debug|Any CPU
		Release|Any CPU = Release|Any CPU
	EndGlobalSection
	GlobalSection(ProjectConfigurationPlatforms) = postSolution
		{1EC5029A-CC2E-4FDC-B411-E72DA44D79DE}.Debug|Any CPU.ActiveCfg = Debug|Any CPU
		{1EC5029A-CC2E-4FDC-B411-E72DA44D79DE}.Debug|Any CPU.Build.0 = Debug|Any CPU
		{1EC5029A-CC2E-4FDC-B411-E72DA44D79DE}.Release|Any CPU.ActiveCfg = Release|Any CPU
		{1EC5029A-CC2E-4FDC-B411-E72DA44D79DE}.Release|Any CPU.Build.0 = Release|Any CPU
		{64F99556-60FC-40F2-B4CE-89B71008D0D6}.Debug|Any CPU.ActiveCfg = Debug|Any CPU
		{64F99556-60FC-40F2-B4CE-89B71008D0D6}.Debug|Any CPU.Build.0 = Debug|Any CPU
		{64F99556-60FC-40F2-B4CE-89B71008D0D6}.Release|Any CPU.ActiveCfg = Release|Any CPU
		{64F99556-60FC-40F2-B4CE-89B71008D0D6}.Release|Any CPU.Build.0 = Release|Any CPU
		{DCD1CB17-7492-455A-AD24-E37086DFBC5F}.Debug|Any CPU.ActiveCfg = Debug|Any CPU
		{DCD1CB17-7492-455A-AD24-E37086DFBC5F}.Debug|Any CPU.Build.0 = Debug|Any CPU
		{DCD1CB17-7492-455A-AD24-E37086DFBC5F}.Release|Any CPU.ActiveCfg = Release|Any CPU
		{DCD1CB17-7492-455A-AD24-E37086DFBC5F}.Release|Any CPU.Build.0 = Release|Any CPU
		{CD7E2C97-D0D3-4954-A9EA-E17A1E76632D}.Debug|Any CPU.ActiveCfg = Debug|Any CPU
		{CD7E2C97-D0D3-4954-A9EA-E17A1E76632D}.Debug|Any CPU.Build.0 = Debug|Any CPU
		{CD7E2C97-D0D3-4954-A9EA-E17A1E76632D}.Release|Any CPU.ActiveCfg = Release|Any CPU
		{CD7E2C97-D0D3-4954-A9EA-E17A1E76632D}.Release|Any CPU.Build.0 = Release|Any CPU
		{48D813E2-5392-4F46-9B00-B88BE7C9920B}.Debug|Any CPU.ActiveCfg = Debug|Any CPU
		{48D813E2-5392-4F46-9B00-B88BE7C9920B}.Debug|Any CPU.Build.0 = Debug|Any CPU
		{48D813E2-5392-4F46-9B00-B88BE7C9920B}.Release|Any CPU.ActiveCfg = Release|Any CPU
		{48D813E2-5392-4F46-9B00-B88BE7C9920B}.Release|Any CPU.Build.0 = Release|Any CPU
		{9AB021C1-EC14-4DC6-AC5B-15686B1D7C85}.Debug|Any CPU.ActiveCfg = Debug|Any CPU
		{9AB021C1-EC14-4DC6-AC5B-15686B1D7C85}.Debug|Any CPU.Build.0 = Debug|Any CPU
		{9AB021C1-EC14-4DC6-AC5B-15686B1D7C85}.Release|Any CPU.ActiveCfg = Release|Any CPU
		{9AB021C1-EC14-4DC6-AC5B-15686B1D7C85}.Release|Any CPU.Build.0 = Release|Any CPU
	EndGlobalSection
	GlobalSection(SolutionProperties) = preSolution
		HideSolutionNode = FALSE
	EndGlobalSection
	GlobalSection(ExtensibilityGlobals) = postSolution
		SolutionGuid = {37C76BF2-8119-4443-A5A7-5C7EB93E1962}
	EndGlobalSection
EndGlobal
